{
  "nodes": {
    "html-parse-src": {
      "flake": false,
      "locked": {
        "lastModified": 1702082335,
        "narHash": "sha256-naCRlbDGtcCBDiHOPsZwQ3dzVbFtkC1dr5r6ejdewiI=",
        "owner": "bgamari",
        "repo": "html-parse",
        "rev": "fcbdfe4ae4da14e9af0e21fabfe2da178f041970",
        "type": "github"
      },
      "original": {
        "owner": "bgamari",
        "repo": "html-parse",
        "type": "github"
      }
    },
    "levers": {
      "inputs": {
        "nixpkgs": [
          "nixpkgs"
        ]
      },
      "locked": {
        "lastModified": 1687557470,
        "narHash": "sha256-T0TAGZPiI5cwWR2OMLVYW7aj3Aco7v8qIVF7JoEgO9Y=",
        "owner": "kquick",
        "repo": "nix-levers",
        "rev": "0e31d80978a9fb6a96df0722aa298d008a57c53e",
        "type": "github"
      },
      "original": {
        "owner": "kquick",
        "repo": "nix-levers",
        "type": "github"
      }
    },
    "nixpkgs": {
      "locked": {
        "lastModified": 1708564076,
        "narHash": "sha256-KKkqoxlgx9n3nwST7O2kM8tliDOijiSSNaWuSkiozdQ=",
        "owner": "nixos",
        "repo": "nixpkgs",
        "rev": "98b00b6947a9214381112bdb6f89c25498db4959",
        "type": "github"
      },
      "original": {
        "owner": "nixos",
        "ref": "nixpkgs-unstable",
        "repo": "nixpkgs",
        "type": "github"
      }
    },
    "nixpkgs8": {
      "locked": {
        "lastModified": 1685566663,
        "narHash": "sha256-btHN1czJ6rzteeCuE/PNrdssqYD2nIA4w48miQAFloM=",
        "owner": "nixos",
        "repo": "nixpkgs",
        "rev": "4ecab3273592f27479a583fb6d975d4aba3486fe",
        "type": "github"
      },
      "original": {
        "owner": "nixos",
        "ref": "23.05",
        "repo": "nixpkgs",
        "type": "github"
      }
    },
    "root": {
      "inputs": {
        "html-parse-src": "html-parse-src",
        "levers": "levers",
        "nixpkgs": "nixpkgs",
        "nixpkgs8": "nixpkgs8"
      }
    }
  },
  "root": "root",
  "version": 7
}
