{
  "nodes": {
    "hedgehog-classes-src": {
      "flake": false,
      "locked": {
        "lastModified": 1681221812,
        "narHash": "sha256-SsNV9rBDa3/yiZjpkV1qtWDc16zEAdopSyg8Ay3ik+I=",
        "owner": "hedgehogqa",
        "repo": "haskell-hedgehog-classes",
        "rev": "9c781bdd55acf2542dee26682679c65c7b145a3e",
        "type": "github"
      },
      "original": {
        "owner": "hedgehogqa",
        "repo": "haskell-hedgehog-classes",
        "type": "github"
      }
    },
    "hedgehog-classes-src_2": {
      "flake": false,
      "locked": {
        "lastModified": 1681221812,
        "narHash": "sha256-SsNV9rBDa3/yiZjpkV1qtWDc16zEAdopSyg8Ay3ik+I=",
        "owner": "hedgehogqa",
        "repo": "haskell-hedgehog-classes",
        "rev": "9c781bdd55acf2542dee26682679c65c7b145a3e",
        "type": "github"
      },
      "original": {
        "owner": "hedgehogqa",
        "repo": "haskell-hedgehog-classes",
        "type": "github"
      }
    },
    "hedgehog-src": {
      "flake": false,
      "locked": {
        "dir": "hedgehog",
        "lastModified": 1686309047,
        "narHash": "sha256-ICQWUWxTil1av5c2G6gqEKvBTud8QxhCIZmQWrEjmVg=",
        "owner": "hedgehogqa",
        "repo": "haskell-hedgehog",
        "rev": "2fd068ca2e00d266e211f19cb4210e6785561826",
        "type": "github"
      },
      "original": {
        "dir": "hedgehog",
        "owner": "hedgehogqa",
        "repo": "haskell-hedgehog",
        "type": "github"
      }
    },
    "hedgehog-src_2": {
      "flake": false,
      "locked": {
        "dir": "hedgehog",
        "lastModified": 1686309047,
        "narHash": "sha256-ICQWUWxTil1av5c2G6gqEKvBTud8QxhCIZmQWrEjmVg=",
        "owner": "hedgehogqa",
        "repo": "haskell-hedgehog",
        "rev": "2fd068ca2e00d266e211f19cb4210e6785561826",
        "type": "github"
      },
      "original": {
        "dir": "hedgehog",
        "owner": "hedgehogqa",
        "repo": "haskell-hedgehog",
        "type": "github"
      }
    },
    "html-parse-src": {
      "flake": false,
      "locked": {
        "lastModified": 1702082335,
        "narHash": "sha256-naCRlbDGtcCBDiHOPsZwQ3dzVbFtkC1dr5r6ejdewiI=",
        "owner": "bgamari",
        "repo": "html-parse",
        "rev": "fcbdfe4ae4da14e9af0e21fabfe2da178f041970",
        "type": "github"
      },
      "original": {
        "owner": "bgamari",
        "repo": "html-parse",
        "type": "github"
      }
    },
    "levers": {
      "inputs": {
        "nixpkgs": [
          "nixpkgs"
        ]
      },
      "locked": {
        "lastModified": 1687557470,
        "narHash": "sha256-T0TAGZPiI5cwWR2OMLVYW7aj3Aco7v8qIVF7JoEgO9Y=",
        "owner": "kquick",
        "repo": "nix-levers",
        "rev": "0e31d80978a9fb6a96df0722aa298d008a57c53e",
        "type": "github"
      },
      "original": {
        "owner": "kquick",
        "repo": "nix-levers",
        "type": "github"
      }
    },
    "named-text": {
      "inputs": {
        "hedgehog-classes-src": "hedgehog-classes-src",
        "hedgehog-src": "hedgehog-src",
        "levers": [
          "levers"
        ],
        "nixpkgs": [
          "nixpkgs"
        ],
        "parameterized-utils-src": [
          "parameterized-utils-src"
        ],
        "sayable": [
          "sayable"
        ],
        "tasty-checklist": "tasty-checklist",
        "tasty-hedgehog-src": "tasty-hedgehog-src"
      },
      "locked": {
        "lastModified": 1721797021,
        "narHash": "sha256-3FJop9iRi3zcFHFqxVfazxHoqW+xQI3hRjMWBJXQwAA=",
        "owner": "kquick",
        "repo": "named-text",
        "rev": "b62d0bdb9f145b2255263fab3256f736fd9c575e",
        "type": "github"
      },
      "original": {
        "owner": "kquick",
        "repo": "named-text",
        "type": "github"
      }
    },
    "named-text8": {
      "inputs": {
        "hedgehog-classes-src": "hedgehog-classes-src_2",
        "hedgehog-src": "hedgehog-src_2",
        "levers": [
          "levers"
        ],
        "nixpkgs": [
          "nixpkgs8"
        ],
        "parameterized-utils-src": [
          "parameterized-utils-src"
        ],
        "sayable": [
          "sayable8"
        ],
        "tasty-checklist": "tasty-checklist_2",
        "tasty-hedgehog-src": "tasty-hedgehog-src_2"
      },
      "locked": {
        "lastModified": 1715907874,
        "narHash": "sha256-Xom0+u+oLuiJaCeVDPixhATdsAdk7+QVKZZn/s80UF8=",
        "owner": "kquick",
        "repo": "named-text",
        "rev": "c123d0d594e1fe6a747a8c5be4cad274eae6b243",
        "type": "github"
      },
      "original": {
        "owner": "kquick",
        "repo": "named-text",
        "type": "github"
      }
    },
    "nixpkgs": {
      "locked": {
        "lastModified": 1708564076,
        "narHash": "sha256-KKkqoxlgx9n3nwST7O2kM8tliDOijiSSNaWuSkiozdQ=",
        "owner": "nixos",
        "repo": "nixpkgs",
        "rev": "98b00b6947a9214381112bdb6f89c25498db4959",
        "type": "github"
      },
      "original": {
        "owner": "nixos",
        "ref": "nixpkgs-unstable",
        "repo": "nixpkgs",
        "type": "github"
      }
    },
    "nixpkgs8": {
      "locked": {
        "lastModified": 1685566663,
        "narHash": "sha256-btHN1czJ6rzteeCuE/PNrdssqYD2nIA4w48miQAFloM=",
        "owner": "nixos",
        "repo": "nixpkgs",
        "rev": "4ecab3273592f27479a583fb6d975d4aba3486fe",
        "type": "github"
      },
      "original": {
        "owner": "nixos",
        "ref": "23.05",
        "repo": "nixpkgs",
        "type": "github"
      }
    },
    "parameterized-utils-src": {
      "flake": false,
      "locked": {
        "lastModified": 1720449721,
        "narHash": "sha256-m5COh07WEqXovjzOmt0P0bM/BSH205hFsjXwg4XVVg0=",
        "owner": "GaloisInc",
        "repo": "parameterized-utils",
        "rev": "4178731f7c0b26da30402b9a4d505c63765f4fa4",
        "type": "github"
      },
      "original": {
        "owner": "GaloisInc",
        "repo": "parameterized-utils",
        "type": "github"
      }
    },
    "root": {
      "inputs": {
        "html-parse-src": "html-parse-src",
        "levers": "levers",
        "named-text": "named-text",
        "named-text8": "named-text8",
        "nixpkgs": "nixpkgs",
        "nixpkgs8": "nixpkgs8",
        "parameterized-utils-src": "parameterized-utils-src",
        "sayable": "sayable",
        "sayable8": "sayable8"
      }
    },
    "sayable": {
      "inputs": {
        "levers": [
          "levers"
        ],
        "nixpkgs": [
          "nixpkgs"
        ]
      },
      "locked": {
        "lastModified": 1700937011,
        "narHash": "sha256-TInn26186LSZnhgns57fgK2o9GzxTLHNz+dgzsPmVn8=",
        "owner": "kquick",
        "repo": "sayable",
        "rev": "9c76cc5e0e035fc0ef4cabc08c1fd268c1db6700",
        "type": "github"
      },
      "original": {
        "owner": "kquick",
        "ref": "9c76cc5",
        "repo": "sayable",
        "type": "github"
      }
    },
    "sayable8": {
      "inputs": {
        "levers": [
          "levers"
        ],
        "nixpkgs": [
          "nixpkgs8"
        ]
      },
      "locked": {
        "lastModified": 1700937011,
        "narHash": "sha256-TInn26186LSZnhgns57fgK2o9GzxTLHNz+dgzsPmVn8=",
        "owner": "kquick",
        "repo": "sayable",
        "rev": "9c76cc5e0e035fc0ef4cabc08c1fd268c1db6700",
        "type": "github"
      },
      "original": {
        "owner": "kquick",
        "ref": "9c76cc5",
        "repo": "sayable",
        "type": "github"
      }
    },
    "tasty-checklist": {
      "inputs": {
        "hedgehog-classes-src": [
          "named-text",
          "hedgehog-classes-src"
        ],
        "hedgehog-src": [
          "named-text",
          "hedgehog-src"
        ],
        "levers": [
          "named-text",
          "levers"
        ],
        "nixpkgs": [
          "named-text",
          "nixpkgs"
        ],
        "parameterized-utils-src": [
          "named-text",
          "parameterized-utils-src"
        ],
        "tasty-expected-failure-src": "tasty-expected-failure-src",
        "tasty-hedgehog-src": [
          "named-text",
          "tasty-hedgehog-src"
        ]
      },
      "locked": {
        "lastModified": 1681600529,
        "narHash": "sha256-h/dJZ/dx84h6ckmK8K7pvW4kNxy3MI1VvErTM2VXfCw=",
        "owner": "kquick",
        "repo": "tasty-checklist",
        "rev": "eb3b44a1918a51e66f89f5e68466c5bdf890dbd6",
        "type": "github"
      },
      "original": {
        "owner": "kquick",
        "repo": "tasty-checklist",
        "type": "github"
      }
    },
    "tasty-checklist_2": {
      "inputs": {
        "hedgehog-classes-src": [
          "named-text8",
          "hedgehog-classes-src"
        ],
        "hedgehog-src": [
          "named-text8",
          "hedgehog-src"
        ],
        "levers": [
          "named-text8",
          "levers"
        ],
        "nixpkgs": [
          "named-text8",
          "nixpkgs"
        ],
        "parameterized-utils-src": [
          "named-text8",
          "parameterized-utils-src"
        ],
        "tasty-expected-failure-src": "tasty-expected-failure-src_2",
        "tasty-hedgehog-src": [
          "named-text8",
          "tasty-hedgehog-src"
        ]
      },
      "locked": {
        "lastModified": 1681600529,
        "narHash": "sha256-h/dJZ/dx84h6ckmK8K7pvW4kNxy3MI1VvErTM2VXfCw=",
        "owner": "kquick",
        "repo": "tasty-checklist",
        "rev": "eb3b44a1918a51e66f89f5e68466c5bdf890dbd6",
        "type": "github"
      },
      "original": {
        "owner": "kquick",
        "repo": "tasty-checklist",
        "type": "github"
      }
    },
    "tasty-expected-failure-src": {
      "flake": false,
      "locked": {
        "lastModified": 1613494231,
        "narHash": "sha256-C/IWktTILklfPEAht/RE4IC8to6MrvrLmmbqgWsJlIM=",
        "owner": "nomeata",
        "repo": "tasty-expected-failure",
        "rev": "33b71e694b954e35c05859fff3ca886d8cfe5bfe",
        "type": "github"
      },
      "original": {
        "owner": "nomeata",
        "repo": "tasty-expected-failure",
        "type": "github"
      }
    },
    "tasty-expected-failure-src_2": {
      "flake": false,
      "locked": {
        "lastModified": 1613494231,
        "narHash": "sha256-C/IWktTILklfPEAht/RE4IC8to6MrvrLmmbqgWsJlIM=",
        "owner": "nomeata",
        "repo": "tasty-expected-failure",
        "rev": "33b71e694b954e35c05859fff3ca886d8cfe5bfe",
        "type": "github"
      },
      "original": {
        "owner": "nomeata",
        "repo": "tasty-expected-failure",
        "type": "github"
      }
    },
    "tasty-hedgehog-src": {
      "flake": false,
      "locked": {
        "lastModified": 1678874826,
        "narHash": "sha256-QMSIrJInZe8kwAfJn0jGr2JScdqu1X5uMFwYSJ4ptjk=",
        "owner": "qfpl",
        "repo": "tasty-hedgehog",
        "rev": "3c254e1b012ec2cb3f39801e2adf55b4c72432fa",
        "type": "github"
      },
      "original": {
        "owner": "qfpl",
        "repo": "tasty-hedgehog",
        "type": "github"
      }
    },
    "tasty-hedgehog-src_2": {
      "flake": false,
      "locked": {
        "lastModified": 1678874826,
        "narHash": "sha256-QMSIrJInZe8kwAfJn0jGr2JScdqu1X5uMFwYSJ4ptjk=",
        "owner": "qfpl",
        "repo": "tasty-hedgehog",
        "rev": "3c254e1b012ec2cb3f39801e2adf55b4c72432fa",
        "type": "github"
      },
      "original": {
        "owner": "qfpl",
        "repo": "tasty-hedgehog",
        "type": "github"
      }
    }
  },
  "root": "root",
  "version": 7
}
