{
  "nodes": {
    "html-parse-src": {
      "flake": false,
      "locked": {
        "lastModified": 1744939271,
        "narHash": "sha256-GelrzfOjFyRCqoGbxra6R+2INsIPpoL/YlyOg2jL4Gc=",
        "owner": "bgamari",
        "repo": "html-parse",
        "rev": "bd354c36586406efbedf67650dbf17b57bec53ef",
        "type": "github"
      },
      "original": {
        "owner": "bgamari",
        "repo": "html-parse",
        "type": "github"
      }
    },
    "levers": {
      "inputs": {
        "nixpkgs": [
          "nixpkgs"
        ]
      },
      "locked": {
        "lastModified": 1766149329,
        "narHash": "sha256-RyltBNnAECIqVSizQ4F95/ZeXEIrLn2IxXDA5GkhhLc=",
        "owner": "kquick",
        "repo": "nix-levers",
        "rev": "1510c08a57bb2a14cc0e66b28f0e13cd99ba9185",
        "type": "github"
      },
      "original": {
        "owner": "kquick",
        "repo": "nix-levers",
        "type": "github"
      }
    },
    "named-text": {
      "inputs": {
        "levers": [
          "levers"
        ],
        "nixpkgs": [
          "nixpkgs"
        ],
        "parameterized-utils-src": [
          "parameterized-utils-src"
        ],
        "sayable": [
          "sayable"
        ],
        "tasty-checklist": "tasty-checklist"
      },
      "locked": {
        "lastModified": 1767578262,
        "narHash": "sha256-uVjylwA5ZQqFGPWHZeEWQ3pk2C5xAPEewLCnsPmjeoE=",
        "owner": "kquick",
        "repo": "named-text",
        "rev": "a800e9a77820076860885c497b6c81bcf91fc9a9",
        "type": "github"
      },
      "original": {
        "owner": "kquick",
        "repo": "named-text",
        "type": "github"
      }
    },
    "nixpkgs": {
      "locked": {
        "lastModified": 1767364772,
        "narHash": "sha256-fFUnEYMla8b7UKjijLnMe+oVFOz6HjijGGNS1l7dYaQ=",
        "owner": "nixos",
        "repo": "nixpkgs",
        "rev": "16c7794d0a28b5a37904d55bcca36003b9109aaa",
        "type": "github"
      },
      "original": {
        "owner": "nixos",
        "ref": "nixpkgs-unstable",
        "repo": "nixpkgs",
        "type": "github"
      }
    },
    "parameterized-utils-src": {
      "flake": false,
      "locked": {
        "lastModified": 1763983533,
        "narHash": "sha256-2wsBOle5zKo7SHyYJupVFtbWk0V4xbLgU21HuttJ7O8=",
        "owner": "GaloisInc",
        "repo": "parameterized-utils",
        "rev": "6cd1f32c67f973e74576f1d15eeeb2a344cd9ece",
        "type": "github"
      },
      "original": {
        "owner": "GaloisInc",
        "ref": "6cd1f32",
        "repo": "parameterized-utils",
        "type": "github"
      }
    },
    "root": {
      "inputs": {
        "html-parse-src": "html-parse-src",
        "levers": "levers",
        "named-text": "named-text",
        "nixpkgs": "nixpkgs",
        "parameterized-utils-src": "parameterized-utils-src",
        "sayable": "sayable"
      }
    },
    "sayable": {
      "inputs": {
        "levers": [
          "levers"
        ],
        "nixpkgs": [
          "nixpkgs"
        ]
      },
      "locked": {
        "lastModified": 1767578011,
        "narHash": "sha256-XHABeHA9Ca8+X88kdSP0g+tyQExScPgOqrEfC7jmEIY=",
        "owner": "kquick",
        "repo": "sayable",
        "rev": "24a600ee82f855329b1dc0a6ba9106ec46215b7a",
        "type": "github"
      },
      "original": {
        "owner": "kquick",
        "repo": "sayable",
        "type": "github"
      }
    },
    "tasty-checklist": {
      "inputs": {
        "levers": [
          "named-text",
          "levers"
        ],
        "nixpkgs": [
          "named-text",
          "nixpkgs"
        ],
        "parameterized-utils-src": [
          "named-text",
          "parameterized-utils-src"
        ]
      },
      "locked": {
        "lastModified": 1761568218,
        "narHash": "sha256-9Qgmzeq25XeysQs/7U9nTfmRO4H3cuAueR9TWv40viw=",
        "owner": "kquick",
        "repo": "tasty-checklist",
        "rev": "1022211d94f9713c4c87327a1a008d19955d03b9",
        "type": "github"
      },
      "original": {
        "owner": "kquick",
        "repo": "tasty-checklist",
        "type": "github"
      }
    }
  },
  "root": "root",
  "version": 7
}
